
Microsoft Visual Studio Solution File, Format Version 12.00
# Visual Studio Version 16
VisualStudioVersion = 16.0.28803.352
MinimumVisualStudioVersion = 10.0.40219.1
Project("{FAE04EC0-301F-11D3-BF4B-00C04F79EFBC}") = "OrdersApp", "OrdersApp.csproj", "{835CB831-8ACE-4EC9-9FFB-B0CB6795A56A}"
EndProject
Global
	GlobalSection(SolutionConfigurationPlatforms) = preSolution
		Debug|Any CPU = Debug|Any CPU
		Release|Any CPU = Release|Any CPU
	EndGlobalSection
	GlobalSection(ProjectConfigurationPlatforms) = postSolution
		{835CB831-8ACE-4EC9-9FFB-B0CB6795A56A}.Debug|Any CPU.ActiveCfg = Debug|Any CPU
		{835CB831-8ACE-4EC9-9FFB-B0CB6795A56A}.Debug|Any CPU.Build.0 = Debug|Any CPU
		{835CB831-8ACE-4EC9-9FFB-B0CB6795A56A}.Release|Any CPU.ActiveCfg = Release|Any CPU
		{835CB831-8ACE-4EC9-9FFB-B0CB6795A56A}.Release|Any CPU.Build.0 = Release|Any CPU
	EndGlobalSection
	GlobalSection(SolutionProperties) = preSolution
		HideSolutionNode = FALSE
	EndGlobalSection
	GlobalSection(ExtensibilityGlobals) = postSolution
		SolutionGuid = {7B1CF964-66DB-439B-850E-4BFA8550DD91}
	EndGlobalSection
EndGlobal
